
Microsoft Visual Studio Solution File, Format Version 9.00
# Visual Studio 2005
Project("{FAE04EC0-301F-11D3-BF4B-00C04F79EFBC}") = "cgi-bin-cs", "cgi-bin-cs\cgi-bin-cs.csproj", "{922251C5-BC0B-46CF-89FD-4D2136C65530}"
EndProject
Global
	GlobalSection(SolutionConfigurationPlatforms) = preSolution
		Debug|Any CPU = Debug|Any CPU
		Release|Any CPU = Release|Any CPU
	EndGlobalSection
	GlobalSection(ProjectConfigurationPlatforms) = postSolution
		{922251C5-BC0B-46CF-89FD-4D2136C65530}.Debug|Any CPU.ActiveCfg = Debug|Any CPU
		{922251C5-BC0B-46CF-89FD-4D2136C65530}.Debug|Any CPU.Build.0 = Debug|Any CPU
		{922251C5-BC0B-46CF-89FD-4D2136C65530}.Release|Any CPU.ActiveCfg = Release|Any CPU
		{922251C5-BC0B-46CF-89FD-4D2136C65530}.Release|Any CPU.Build.0 = Release|Any CPU
	EndGlobalSection
	GlobalSection(SolutionProperties) = preSolution
		HideSolutionNode = FALSE
	EndGlobalSection
EndGlobal
